{
  "name": "crossaudio-root",
  "version": "0.1.17",
  "lockfileVersion": 2,
  "requires": true,
  "packages": {
    "": {
      "name": "crossaudio-root",
      "version": "0.1.17",
      "hasInstallScript": true,
      "dependencies": {
        "web-audio-scheduler": "^1.4.0"
      }
    },
    "node_modules/web-audio-scheduler": {
      "version": "1.4.0",
      "resolved": "https://registry.npmjs.org/web-audio-scheduler/-/web-audio-scheduler-1.4.0.tgz",
      "integrity": "sha1-9LAnuoqMpkoHLtOsJ9GBaKCN7lo="
    }
  },
  "dependencies": {
    "web-audio-scheduler": {
      "version": "1.4.0",
      "resolved": "https://registry.npmjs.org/web-audio-scheduler/-/web-audio-scheduler-1.4.0.tgz",
      "integrity": "sha1-9LAnuoqMpkoHLtOsJ9GBaKCN7lo="
    }
  }
}
