{
	"name": "@crossaudio/core",
	"version": "0.1.21",
	"lockfileVersion": 2,
	"requires": true,
	"packages": {
		"": {
			"name": "@crossaudio/core",
			"version": "0.1.9",
			"license": "MIT",
			"dependencies": {
				"emitonoff": "latest"
			}
		},
		"node_modules/emitonoff": {
			"version": "0.1.0",
			"resolved": "https://registry.npmjs.org/emitonoff/-/emitonoff-0.1.0.tgz",
			"integrity": "sha512-GkBUPqCrdVGyfoDFKWkPPTuwrtW3KPkTPlyIXAFvsof5Kmo6PSth20rtvAlHmdaaNFHSitUimruWNcCFlu+4Fg=="
		}
	},
	"dependencies": {
		"emitonoff": {
			"version": "0.1.0",
			"resolved": "https://registry.npmjs.org/emitonoff/-/emitonoff-0.1.0.tgz",
			"integrity": "sha512-GkBUPqCrdVGyfoDFKWkPPTuwrtW3KPkTPlyIXAFvsof5Kmo6PSth20rtvAlHmdaaNFHSitUimruWNcCFlu+4Fg=="
		}
	}
}
